
Microsoft Visual Studio Solution File, Format Version 12.00
# Visual Studio Version 16
VisualStudioVersion = 16.0.29709.97
MinimumVisualStudioVersion = 10.0.40219.1
Project("{FAE04EC0-301F-11D3-BF4B-00C04F79EFBC}") = "LOL", "LOL\LOL.csproj", "{709A61B8-9CD4-4C18-B711-37BCCD86DF80}"
EndProject
Global
	GlobalSection(SolutionConfigurationPlatforms) = preSolution
		Debug|Any CPU = Debug|Any CPU
		Release|Any CPU = Release|Any CPU
	EndGlobalSection
	GlobalSection(ProjectConfigurationPlatforms) = postSolution
		{709A61B8-9CD4-4C18-B711-37BCCD86DF80}.Debug|Any CPU.ActiveCfg = Debug|Any CPU
		{709A61B8-9CD4-4C18-B711-37BCCD86DF80}.Debug|Any CPU.Build.0 = Debug|Any CPU
		{709A61B8-9CD4-4C18-B711-37BCCD86DF80}.Release|Any CPU.ActiveCfg = Release|Any CPU
		{709A61B8-9CD4-4C18-B711-37BCCD86DF80}.Release|Any CPU.Build.0 = Release|Any CPU
	EndGlobalSection
	GlobalSection(SolutionProperties) = preSolution
		HideSolutionNode = FALSE
	EndGlobalSection
	GlobalSection(ExtensibilityGlobals) = postSolution
		SolutionGuid = {B8F14A48-52CA-44DE-9A9A-F887F303A8E5}
	EndGlobalSection
EndGlobal
